
Microsoft Visual Studio Solution File, Format Version 12.00
# Visual Studio Version 16
VisualStudioVersion = 16.0.30406.217
MinimumVisualStudioVersion = 10.0.40219.1
Project("{FAE04EC0-301F-11D3-BF4B-00C04F79EFBC}") = "WebAppProducto3", "WebAppProducto3\WebAppProducto3.csproj", "{D4F18A41-5378-4D13-8241-3FD9DFADD2A4}"
EndProject
Project("{FAE04EC0-301F-11D3-BF4B-00C04F79EFBC}") = "ClassLogicaNegociosPagos", "..\ClassLogicaNegociosPagos\ClassLogicaNegociosPagos\ClassLogicaNegociosPagos.csproj", "{FDC6F699-9D8A-4FB5-9408-AD7203AE59BF}"
EndProject
Project("{FAE04EC0-301F-11D3-BF4B-00C04F79EFBC}") = "ClassAccesoDatosSQL", "..\ClassAccesoDatosSQL\ClassAccesoDatosSQL\ClassAccesoDatosSQL.csproj", "{C1E6ECB9-79C2-4A48-9410-3CB8BB0558BA}"
EndProject
Global
	GlobalSection(SolutionConfigurationPlatforms) = preSolution
		Debug|Any CPU = Debug|Any CPU
		Release|Any CPU = Release|Any CPU
	EndGlobalSection
	GlobalSection(ProjectConfigurationPlatforms) = postSolution
		{D4F18A41-5378-4D13-8241-3FD9DFADD2A4}.Debug|Any CPU.ActiveCfg = Debug|Any CPU
		{D4F18A41-5378-4D13-8241-3FD9DFADD2A4}.Debug|Any CPU.Build.0 = Debug|Any CPU
		{D4F18A41-5378-4D13-8241-3FD9DFADD2A4}.Release|Any CPU.ActiveCfg = Release|Any CPU
		{D4F18A41-5378-4D13-8241-3FD9DFADD2A4}.Release|Any CPU.Build.0 = Release|Any CPU
		{FDC6F699-9D8A-4FB5-9408-AD7203AE59BF}.Debug|Any CPU.ActiveCfg = Debug|Any CPU
		{FDC6F699-9D8A-4FB5-9408-AD7203AE59BF}.Debug|Any CPU.Build.0 = Debug|Any CPU
		{FDC6F699-9D8A-4FB5-9408-AD7203AE59BF}.Release|Any CPU.ActiveCfg = Release|Any CPU
		{FDC6F699-9D8A-4FB5-9408-AD7203AE59BF}.Release|Any CPU.Build.0 = Release|Any CPU
		{C1E6ECB9-79C2-4A48-9410-3CB8BB0558BA}.Debug|Any CPU.ActiveCfg = Debug|Any CPU
		{C1E6ECB9-79C2-4A48-9410-3CB8BB0558BA}.Debug|Any CPU.Build.0 = Debug|Any CPU
		{C1E6ECB9-79C2-4A48-9410-3CB8BB0558BA}.Release|Any CPU.ActiveCfg = Release|Any CPU
		{C1E6ECB9-79C2-4A48-9410-3CB8BB0558BA}.Release|Any CPU.Build.0 = Release|Any CPU
	EndGlobalSection
	GlobalSection(SolutionProperties) = preSolution
		HideSolutionNode = FALSE
	EndGlobalSection
	GlobalSection(ExtensibilityGlobals) = postSolution
		SolutionGuid = {1AB9E7BF-0E51-46E2-B79F-07D6BF88D439}
	EndGlobalSection
EndGlobal
